{
  "name": "steve/pull-request-bot",
  "requires": true,
  "lockfileVersion": 1,
  "dependencies": {
    "lib": {
      "version": "4.0.4",
      "resolved": "https://registry.npmjs.org/lib/-/lib-4.0.4.tgz",
      "integrity": "sha512-qAVOWXSnSI3OFhskamMLJkKA7qpHjIrqVZ/n3iUl+0l18FuIhjDxICTXAyOCuiWyKgF/aFf5ygbYsjrXm7Hhfw=="
    }
  }
}
